
Microsoft Visual Studio Solution File, Format Version 12.00
# Visual Studio Version 16
VisualStudioVersion = 16.0.30717.126
MinimumVisualStudioVersion = 10.0.40219.1
Project("{FAE04EC0-301F-11D3-BF4B-00C04F79EFBC}") = "test6-delegate_event", "src\test6-delegate_event\test6-delegate_event.csproj", "{67BFB58E-976A-479B-A39E-99F6A9A7B474}"
EndProject
Global
	GlobalSection(SolutionConfigurationPlatforms) = preSolution
		Debug|Any CPU = Debug|Any CPU
		Release|Any CPU = Release|Any CPU
	EndGlobalSection
	GlobalSection(ProjectConfigurationPlatforms) = postSolution
		{67BFB58E-976A-479B-A39E-99F6A9A7B474}.Debug|Any CPU.ActiveCfg = Debug|Any CPU
		{67BFB58E-976A-479B-A39E-99F6A9A7B474}.Debug|Any CPU.Build.0 = Debug|Any CPU
		{67BFB58E-976A-479B-A39E-99F6A9A7B474}.Release|Any CPU.ActiveCfg = Release|Any CPU
		{67BFB58E-976A-479B-A39E-99F6A9A7B474}.Release|Any CPU.Build.0 = Release|Any CPU
	EndGlobalSection
	GlobalSection(SolutionProperties) = preSolution
		HideSolutionNode = FALSE
	EndGlobalSection
	GlobalSection(ExtensibilityGlobals) = postSolution
		SolutionGuid = {FB838F38-34E5-438D-AAD7-D27257DF04B1}
	EndGlobalSection
EndGlobal
